
Microsoft Visual Studio Solution File, Format Version 12.00
# Visual Studio Version 16
VisualStudioVersion = 16.0.30320.27
MinimumVisualStudioVersion = 10.0.40219.1
Project("{FAE04EC0-301F-11D3-BF4B-00C04F79EFBC}") = "Calculator", "Calculator\Calculator.csproj", "{671A9A00-4BBF-4E22-9232-A01B533D53F9}"
EndProject
Global
	GlobalSection(SolutionConfigurationPlatforms) = preSolution
		Debug|Any CPU = Debug|Any CPU
		Release|Any CPU = Release|Any CPU
	EndGlobalSection
	GlobalSection(ProjectConfigurationPlatforms) = postSolution
		{671A9A00-4BBF-4E22-9232-A01B533D53F9}.Debug|Any CPU.ActiveCfg = Debug|Any CPU
		{671A9A00-4BBF-4E22-9232-A01B533D53F9}.Debug|Any CPU.Build.0 = Debug|Any CPU
		{671A9A00-4BBF-4E22-9232-A01B533D53F9}.Release|Any CPU.ActiveCfg = Release|Any CPU
		{671A9A00-4BBF-4E22-9232-A01B533D53F9}.Release|Any CPU.Build.0 = Release|Any CPU
	EndGlobalSection
	GlobalSection(SolutionProperties) = preSolution
		HideSolutionNode = FALSE
	EndGlobalSection
	GlobalSection(ExtensibilityGlobals) = postSolution
		SolutionGuid = {5646F36C-0499-4065-B3BB-FD91A7A48C2D}
	EndGlobalSection
EndGlobal
